
Microsoft Visual Studio Solution File, Format Version 12.00
# Visual Studio Version 17
VisualStudioVersion = 17.13.35931.197
MinimumVisualStudioVersion = 10.0.40219.1
Project("{FAE04EC0-301F-11D3-BF4B-00C04F79EFBC}") = "DAL", "DAL\DAL.csproj", "{2FF12A2F-52E8-4C84-BB6B-6FECA1FFF862}"
EndProject
Project("{FAE04EC0-301F-11D3-BF4B-00C04F79EFBC}") = "WebApp", "APP\WebApp.csproj", "{73868FDB-8BDA-4CA6-A56D-49257F6997FE}"
EndProject
Project("{FAE04EC0-301F-11D3-BF4B-00C04F79EFBC}") = "API", "API\API.csproj", "{2181EAC7-4603-44F7-A834-67B9EF371258}"
EndProject
Global
	GlobalSection(SolutionConfigurationPlatforms) = preSolution
		Debug|Any CPU = Debug|Any CPU
		Release|Any CPU = Release|Any CPU
	EndGlobalSection
	GlobalSection(ProjectConfigurationPlatforms) = postSolution
		{2FF12A2F-52E8-4C84-BB6B-6FECA1FFF862}.Debug|Any CPU.ActiveCfg = Debug|Any CPU
		{2FF12A2F-52E8-4C84-BB6B-6FECA1FFF862}.Debug|Any CPU.Build.0 = Debug|Any CPU
		{2FF12A2F-52E8-4C84-BB6B-6FECA1FFF862}.Release|Any CPU.ActiveCfg = Release|Any CPU
		{2FF12A2F-52E8-4C84-BB6B-6FECA1FFF862}.Release|Any CPU.Build.0 = Release|Any CPU
		{73868FDB-8BDA-4CA6-A56D-49257F6997FE}.Debug|Any CPU.ActiveCfg = Debug|Any CPU
		{73868FDB-8BDA-4CA6-A56D-49257F6997FE}.Debug|Any CPU.Build.0 = Debug|Any CPU
		{73868FDB-8BDA-4CA6-A56D-49257F6997FE}.Release|Any CPU.ActiveCfg = Release|Any CPU
		{73868FDB-8BDA-4CA6-A56D-49257F6997FE}.Release|Any CPU.Build.0 = Release|Any CPU
		{2181EAC7-4603-44F7-A834-67B9EF371258}.Debug|Any CPU.ActiveCfg = Debug|Any CPU
		{2181EAC7-4603-44F7-A834-67B9EF371258}.Debug|Any CPU.Build.0 = Debug|Any CPU
		{2181EAC7-4603-44F7-A834-67B9EF371258}.Release|Any CPU.ActiveCfg = Release|Any CPU
		{2181EAC7-4603-44F7-A834-67B9EF371258}.Release|Any CPU.Build.0 = Release|Any CPU
	EndGlobalSection
	GlobalSection(SolutionProperties) = preSolution
		HideSolutionNode = FALSE
	EndGlobalSection
	GlobalSection(ExtensibilityGlobals) = postSolution
		SolutionGuid = {2C109972-8902-44A2-9280-708DA9155663}
	EndGlobalSection
EndGlobal
